// !$*UTF8*$!
{
	archiveVersion = 1;
	classes = {
	};
	objectVersion = 46;
	objects = {

/* Begin PBXBuildFile section */
		D3737B2F196854B6001A741F /* InfoPlist.strings in Resources */ = {isa = PBXBuildFile; fileRef = D3737B2D196854B6001A741F /* InfoPlist.strings */; };
		D3737B35196854B6001A741F /* Credits.rtf in Resources */ = {isa = PBXBuildFile; fileRef = D3737B33196854B6001A741F /* Credits.rtf */; };
		D3737B3D196854B6001A741F /* Images.xcassets in Resources */ = {isa = PBXBuildFile; fileRef = D3737B3C196854B6001A741F /* Images.xcassets */; };
		D3737B591968557F001A741F /* main.cpp in Sources */ = {isa = PBXBuildFile; fileRef = D3737B581968557F001A741F /* main.cpp */; };
		D3737B5B19695DA0001A741F /* OpenGL.framework in Frameworks */ = {isa = PBXBuildFile; fileRef = D3737B5A19695DA0001A741F /* OpenGL.framework */; };
		D3737B5D19695DAF001A741F /* GLUT.framework in Frameworks */ = {isa = PBXBuildFile; fileRef = D3737B5C19695DAF001A741F /* GLUT.framework */; };
		D3737B6119695F55001A741F /* SDL2.framework in Frameworks */ = {isa = PBXBuildFile; fileRef = D3737B6019695F55001A741F /* SDL2.framework */; };
/* End PBXBuildFile section */

/* Begin PBXContainerItemProxy section */
		D3737B46196854B6001A741F /* PBXContainerItemProxy */ = {
			isa = PBXContainerItemProxy;
			containerPortal = D3737B19196854B6001A741F /* Project object */;
			proxyType = 1;
			remoteGlobalIDString = D3737B20196854B6001A741F;
			remoteInfo = GP2BaseCode;
		};
/* End PBXContainerItemProxy section */

/* Begin PBXFileReference section */
		D3737B21196854B6001A741F /* GP2BaseCode.app */ = {isa = PBXFileReference; explicitFileType = wrapper.application; includeInIndex = 0; path = GP2BaseCode.app; sourceTree = BUILT_PRODUCTS_DIR; };
		D3737B2C196854B6001A741F /* GP2BaseCode-Info.plist */ = {isa = PBXFileReference; lastKnownFileType = text.plist.xml; path = "GP2BaseCode-Info.plist"; sourceTree = "<group>"; };
		D3737B2E196854B6001A741F /* en */ = {isa = PBXFileReference; lastKnownFileType = text.plist.strings; name = en; path = en.lproj/InfoPlist.strings; sourceTree = "<group>"; };
		D3737B34196854B6001A741F /* en */ = {isa = PBXFileReference; lastKnownFileType = text.rtf; name = en; path = en.lproj/Credits.rtf; sourceTree = "<group>"; };
		D3737B3C196854B6001A741F /* Images.xcassets */ = {isa = PBXFileReference; lastKnownFileType = folder.assetcatalog; path = Images.xcassets; sourceTree = "<group>"; };
		D3737B42196854B6001A741F /* GP2BaseCodeTests.xctest */ = {isa = PBXFileReference; explicitFileType = wrapper.cfbundle; includeInIndex = 0; path = GP2BaseCodeTests.xctest; sourceTree = BUILT_PRODUCTS_DIR; };
		D3737B581968557F001A741F /* main.cpp */ = {isa = PBXFileReference; fileEncoding = 4; lastKnownFileType = sourcecode.cpp.cpp; name = main.cpp; path = ../src/main.cpp; sourceTree = "<group>"; };
		D3737B5A19695DA0001A741F /* OpenGL.framework */ = {isa = PBXFileReference; lastKnownFileType = wrapper.framework; name = OpenGL.framework; path = ../../../../../System/Library/Frameworks/OpenGL.framework; sourceTree = "<group>"; };
		D3737B5C19695DAF001A741F /* GLUT.framework */ = {isa = PBXFileReference; lastKnownFileType = wrapper.framework; name = GLUT.framework; path = ../../../../../System/Library/Frameworks/GLUT.framework; sourceTree = "<group>"; };
		D3737B6019695F55001A741F /* SDL2.framework */ = {isa = PBXFileReference; lastKnownFileType = wrapper.framework; name = SDL2.framework; path = ../../../../../Library/Frameworks/SDL2.framework; sourceTree = "<group>"; };
/* End PBXFileReference section */

/* Begin PBXFrameworksBuildPhase section */
		D3737B1E196854B6001A741F /* Frameworks */ = {
			isa = PBXFrameworksBuildPhase;
			buildActionMask = 2147483647;
			files = (
				D3737B6119695F55001A741F /* SDL2.framework in Frameworks */,
				D3737B5D19695DAF001A741F /* GLUT.framework in Frameworks */,
				D3737B5B19695DA0001A741F /* OpenGL.framework in Frameworks */,
			);
			runOnlyForDeploymentPostprocessing = 0;
		};
		D3737B3F196854B6001A741F /* Frameworks */ = {
			isa = PBXFrameworksBuildPhase;
			buildActionMask = 2147483647;
			files = (
			);
			runOnlyForDeploymentPostprocessing = 0;
		};
/* End PBXFrameworksBuildPhase section */

/* Begin PBXGroup section */
		D3737B18196854B6001A741F = {
			isa = PBXGroup;
			children = (
				D3737B581968557F001A741F /* main.cpp */,
				D3737B2A196854B6001A741F /* GP2BaseCode */,
				D3737B23196854B6001A741F /* Frameworks */,
				D3737B22196854B6001A741F /* Products */,
			);
			sourceTree = "<group>";
		};
		D3737B22196854B6001A741F /* Products */ = {
			isa = PBXGroup;
			children = (
				D3737B21196854B6001A741F /* GP2BaseCode.app */,
				D3737B42196854B6001A741F /* GP2BaseCodeTests.xctest */,
			);
			name = Products;
			sourceTree = "<group>";
		};
		D3737B23196854B6001A741F /* Frameworks */ = {
			isa = PBXGroup;
			children = (
				D3737B6019695F55001A741F /* SDL2.framework */,
				D3737B5C19695DAF001A741F /* GLUT.framework */,
				D3737B5A19695DA0001A741F /* OpenGL.framework */,
				D3737B26196854B6001A741F /* Other Frameworks */,
			);
			name = Frameworks;
			sourceTree = "<group>";
		};
		D3737B26196854B6001A741F /* Other Frameworks */ = {
			isa = PBXGroup;
			children = (
			);
			name = "Other Frameworks";
			sourceTree = "<group>";
		};
		D3737B2A196854B6001A741F /* GP2BaseCode */ = {
			isa = PBXGroup;
			children = (
				D3737B3C196854B6001A741F /* Images.xcassets */,
				D3737B2B196854B6001A741F /* Supporting Files */,
			);
			path = GP2BaseCode;
			sourceTree = "<group>";
		};
		D3737B2B196854B6001A741F /* Supporting Files */ = {
			isa = PBXGroup;
			children = (
				D3737B2C196854B6001A741F /* GP2BaseCode-Info.plist */,
				D3737B2D196854B6001A741F /* InfoPlist.strings */,
				D3737B33196854B6001A741F /* Credits.rtf */,
			);
			name = "Supporting Files";
			sourceTree = "<group>";
		};
/* End PBXGroup section */

/* Begin PBXNativeTarget section */
		D3737B20196854B6001A741F /* GP2BaseCode */ = {
			isa = PBXNativeTarget;
			buildConfigurationList = D3737B52196854B6001A741F /* Build configuration list for PBXNativeTarget "GP2BaseCode" */;
			buildPhases = (
				D3737B1D196854B6001A741F /* Sources */,
				D3737B1E196854B6001A741F /* Frameworks */,
				D3737B1F196854B6001A741F /* Resources */,
			);
			buildRules = (
			);
			dependencies = (
			);
			name = GP2BaseCode;
			productName = GP2BaseCode;
			productReference = D3737B21196854B6001A741F /* GP2BaseCode.app */;
			productType = "com.apple.product-type.application";
		};
		D3737B41196854B6001A741F /* GP2BaseCodeTests */ = {
			isa = PBXNativeTarget;
			buildConfigurationList = D3737B55196854B6001A741F /* Build configuration list for PBXNativeTarget "GP2BaseCodeTests" */;
			buildPhases = (
				D3737B3E196854B6001A741F /* Sources */,
				D3737B3F196854B6001A741F /* Frameworks */,
				D3737B40196854B6001A741F /* Resources */,
			);
			buildRules = (
			);
			dependencies = (
				D3737B47196854B6001A741F /* PBXTargetDependency */,
			);
			name = GP2BaseCodeTests;
			productName = GP2BaseCodeTests;
			productReference = D3737B42196854B6001A741F /* GP2BaseCodeTests.xctest */;
			productType = "com.apple.product-type.bundle.unit-test";
		};
/* End PBXNativeTarget section */

/* Begin PBXProject section */
		D3737B19196854B6001A741F /* Project object */ = {
			isa = PBXProject;
			attributes = {
				LastUpgradeCheck = 0510;
				ORGANIZATIONNAME = "Glasgow Caledonian University";
				TargetAttributes = {
					D3737B41196854B6001A741F = {
						TestTargetID = D3737B20196854B6001A741F;
					};
				};
			};
			buildConfigurationList = D3737B1C196854B6001A741F /* Build configuration list for PBXProject "GP2BaseCode" */;
			compatibilityVersion = "Xcode 3.2";
			developmentRegion = English;
			hasScannedForEncodings = 0;
			knownRegions = (
				en,
				Base,
			);
			mainGroup = D3737B18196854B6001A741F;
			productRefGroup = D3737B22196854B6001A741F /* Products */;
			projectDirPath = "";
			projectRoot = "";
			targets = (
				D3737B20196854B6001A741F /* GP2BaseCode */,
				D3737B41196854B6001A741F /* GP2BaseCodeTests */,
			);
		};
/* End PBXProject section */

/* Begin PBXResourcesBuildPhase section */
		D3737B1F196854B6001A741F /* Resources */ = {
			isa = PBXResourcesBuildPhase;
			buildActionMask = 2147483647;
			files = (
				D3737B2F196854B6001A741F /* InfoPlist.strings in Resources */,
				D3737B3D196854B6001A741F /* Images.xcassets in Resources */,
				D3737B35196854B6001A741F /* Credits.rtf in Resources */,
			);
			runOnlyForDeploymentPostprocessing = 0;
		};
		D3737B40196854B6001A741F /* Resources */ = {
			isa = PBXResourcesBuildPhase;
			buildActionMask = 2147483647;
			files = (
			);
			runOnlyForDeploymentPostprocessing = 0;
		};
/* End PBXResourcesBuildPhase section */

/* Begin PBXSourcesBuildPhase section */
		D3737B1D196854B6001A741F /* Sources */ = {
			isa = PBXSourcesBuildPhase;
			buildActionMask = 2147483647;
			files = (
				D3737B591968557F001A741F /* main.cpp in Sources */,
			);
			runOnlyForDeploymentPostprocessing = 0;
		};
		D3737B3E196854B6001A741F /* Sources */ = {
			isa = PBXSourcesBuildPhase;
			buildActionMask = 2147483647;
			files = (
			);
			runOnlyForDeploymentPostprocessing = 0;
		};
/* End PBXSourcesBuildPhase section */

/* Begin PBXTargetDependency section */
		D3737B47196854B6001A741F /* PBXTargetDependency */ = {
			isa = PBXTargetDependency;
			target = D3737B20196854B6001A741F /* GP2BaseCode */;
			targetProxy = D3737B46196854B6001A741F /* PBXContainerItemProxy */;
		};
/* End PBXTargetDependency section */

/* Begin PBXVariantGroup section */
		D3737B2D196854B6001A741F /* InfoPlist.strings */ = {
			isa = PBXVariantGroup;
			children = (
				D3737B2E196854B6001A741F /* en */,
			);
			name = InfoPlist.strings;
			sourceTree = "<group>";
		};
		D3737B33196854B6001A741F /* Credits.rtf */ = {
			isa = PBXVariantGroup;
			children = (
				D3737B34196854B6001A741F /* en */,
			);
			name = Credits.rtf;
			sourceTree = "<group>";
		};
/* End PBXVariantGroup section */

/* Begin XCBuildConfiguration section */
		D3737B50196854B6001A741F /* Debug */ = {
			isa = XCBuildConfiguration;
			buildSettings = {
				ALWAYS_SEARCH_USER_PATHS = NO;
				CLANG_CXX_LANGUAGE_STANDARD = "gnu++0x";
				CLANG_CXX_LIBRARY = "libc++";
				CLANG_ENABLE_MODULES = YES;
				CLANG_ENABLE_OBJC_ARC = YES;
				CLANG_WARN_BOOL_CONVERSION = YES;
				CLANG_WARN_CONSTANT_CONVERSION = YES;
				CLANG_WARN_DIRECT_OBJC_ISA_USAGE = YES_ERROR;
				CLANG_WARN_EMPTY_BODY = YES;
				CLANG_WARN_ENUM_CONVERSION = YES;
				CLANG_WARN_INT_CONVERSION = YES;
				CLANG_WARN_OBJC_ROOT_CLASS = YES_ERROR;
				CLANG_WARN__DUPLICATE_METHOD_MATCH = YES;
				COPY_PHASE_STRIP = NO;
				GCC_C_LANGUAGE_STANDARD = gnu99;
				GCC_DYNAMIC_NO_PIC = NO;
				GCC_ENABLE_OBJC_EXCEPTIONS = YES;
				GCC_OPTIMIZATION_LEVEL = 0;
				GCC_PREPROCESSOR_DEFINITIONS = (
					"DEBUG=1",
					"$(inherited)",
				);
				GCC_SYMBOLS_PRIVATE_EXTERN = NO;
				GCC_WARN_64_TO_32_BIT_CONVERSION = YES;
				GCC_WARN_ABOUT_RETURN_TYPE = YES_ERROR;
				GCC_WARN_UNDECLARED_SELECTOR = YES;
				GCC_WARN_UNINITIALIZED_AUTOS = YES_AGGRESSIVE;
				GCC_WARN_UNUSED_FUNCTION = YES;
				GCC_WARN_UNUSED_VARIABLE = YES;
				MACOSX_DEPLOYMENT_TARGET = 10.9;
				ONLY_ACTIVE_ARCH = YES;
				SDKROOT = macosx;
			};
			name = Debug;
		};
		D3737B51196854B6001A741F /* Release */ = {
			isa = XCBuildConfiguration;
			buildSettings = {
				ALWAYS_SEARCH_USER_PATHS = NO;
				CLANG_CXX_LANGUAGE_STANDARD = "gnu++0x";
				CLANG_CXX_LIBRARY = "libc++";
				CLANG_ENABLE_MODULES = YES;
				CLANG_ENABLE_OBJC_ARC = YES;
				CLANG_WARN_BOOL_CONVERSION = YES;
				CLANG_WARN_CONSTANT_CONVERSION = YES;
				CLANG_WARN_DIRECT_OBJC_ISA_USAGE = YES_ERROR;
				CLANG_WARN_EMPTY_BODY = YES;
				CLANG_WARN_ENUM_CONVERSION = YES;
				CLANG_WARN_INT_CONVERSION = YES;
				CLANG_WARN_OBJC_ROOT_CLASS = YES_ERROR;
				CLANG_WARN__DUPLICATE_METHOD_MATCH = YES;
				COPY_PHASE_STRIP = YES;
				DEBUG_INFORMATION_FORMAT = "dwarf-with-dsym";
				ENABLE_NS_ASSERTIONS = NO;
				GCC_C_LANGUAGE_STANDARD = gnu99;
				GCC_ENABLE_OBJC_EXCEPTIONS = YES;
				GCC_WARN_64_TO_32_BIT_CONVERSION = YES;
				GCC_WARN_ABOUT_RETURN_TYPE = YES_ERROR;
				GCC_WARN_UNDECLARED_SELECTOR = YES;
				GCC_WARN_UNINITIALIZED_AUTOS = YES_AGGRESSIVE;
				GCC_WARN_UNUSED_FUNCTION = YES;
				GCC_WARN_UNUSED_VARIABLE = YES;
				MACOSX_DEPLOYMENT_TARGET = 10.9;
				SDKROOT = macosx;
			};
			name = Release;
		};
		D3737B53196854B6001A741F /* Debug */ = {
			isa = XCBuildConfiguration;
			buildSettings = {
				ASSETCATALOG_COMPILER_APPICON_NAME = AppIcon;
				COMBINE_HIDPI_IMAGES = YES;
				FRAMEWORK_SEARCH_PATHS = (
					"$(inherited)",
					"$(LOCAL_LIBRARY_DIR)/Frameworks",
				);
				GCC_PRECOMPILE_PREFIX_HEADER = NO;
				GCC_PREFIX_HEADER = "";
				INFOPLIST_FILE = "GP2BaseCode/GP2BaseCode-Info.plist";
				PRODUCT_NAME = "$(TARGET_NAME)";
				WRAPPER_EXTENSION = app;
			};
			name = Debug;
		};
		D3737B54196854B6001A741F /* Release */ = {
			isa = XCBuildConfiguration;
			buildSettings = {
				ASSETCATALOG_COMPILER_APPICON_NAME = AppIcon;
				COMBINE_HIDPI_IMAGES = YES;
				FRAMEWORK_SEARCH_PATHS = (
					"$(inherited)",
					"$(LOCAL_LIBRARY_DIR)/Frameworks",
				);
				GCC_PRECOMPILE_PREFIX_HEADER = NO;
				GCC_PREFIX_HEADER = "";
				INFOPLIST_FILE = "GP2BaseCode/GP2BaseCode-Info.plist";
				PRODUCT_NAME = "$(TARGET_NAME)";
				WRAPPER_EXTENSION = app;
			};
			name = Release;
		};
		D3737B56196854B6001A741F /* Debug */ = {
			isa = XCBuildConfiguration;
			buildSettings = {
				BUNDLE_LOADER = "$(BUILT_PRODUCTS_DIR)/GP2BaseCode.app/Contents/MacOS/GP2BaseCode";
				COMBINE_HIDPI_IMAGES = YES;
				FRAMEWORK_SEARCH_PATHS = (
					"$(DEVELOPER_FRAMEWORKS_DIR)",
					"$(inherited)",
				);
				GCC_PRECOMPILE_PREFIX_HEADER = YES;
				GCC_PREFIX_HEADER = "GP2BaseCode/GP2BaseCode-Prefix.pch";
				GCC_PREPROCESSOR_DEFINITIONS = (
					"DEBUG=1",
					"$(inherited)",
				);
				INFOPLIST_FILE = "GP2BaseCodeTests/GP2BaseCodeTests-Info.plist";
				PRODUCT_NAME = "$(TARGET_NAME)";
				TEST_HOST = "$(BUNDLE_LOADER)";
				WRAPPER_EXTENSION = xctest;
			};
			name = Debug;
		};
		D3737B57196854B6001A741F /* Release */ = {
			isa = XCBuildConfiguration;
			buildSettings = {
				BUNDLE_LOADER = "$(BUILT_PRODUCTS_DIR)/GP2BaseCode.app/Contents/MacOS/GP2BaseCode";
				COMBINE_HIDPI_IMAGES = YES;
				FRAMEWORK_SEARCH_PATHS = (
					"$(DEVELOPER_FRAMEWORKS_DIR)",
					"$(inherited)",
				);
				GCC_PRECOMPILE_PREFIX_HEADER = YES;
				GCC_PREFIX_HEADER = "GP2BaseCode/GP2BaseCode-Prefix.pch";
				INFOPLIST_FILE = "GP2BaseCodeTests/GP2BaseCodeTests-Info.plist";
				PRODUCT_NAME = "$(TARGET_NAME)";
				TEST_HOST = "$(BUNDLE_LOADER)";
				WRAPPER_EXTENSION = xctest;
			};
			name = Release;
		};
/* End XCBuildConfiguration section */

/* Begin XCConfigurationList section */
		D3737B1C196854B6001A741F /* Build configuration list for PBXProject "GP2BaseCode" */ = {
			isa = XCConfigurationList;
			buildConfigurations = (
				D3737B50196854B6001A741F /* Debug */,
				D3737B51196854B6001A741F /* Release */,
			);
			defaultConfigurationIsVisible = 0;
			defaultConfigurationName = Release;
		};
		D3737B52196854B6001A741F /* Build configuration list for PBXNativeTarget "GP2BaseCode" */ = {
			isa = XCConfigurationList;
			buildConfigurations = (
				D3737B53196854B6001A741F /* Debug */,
				D3737B54196854B6001A741F /* Release */,
			);
			defaultConfigurationIsVisible = 0;
			defaultConfigurationName = Release;
		};
		D3737B55196854B6001A741F /* Build configuration list for PBXNativeTarget "GP2BaseCodeTests" */ = {
			isa = XCConfigurationList;
			buildConfigurations = (
				D3737B56196854B6001A741F /* Debug */,
				D3737B57196854B6001A741F /* Release */,
			);
			defaultConfigurationIsVisible = 0;
			defaultConfigurationName = Release;
		};
/* End XCConfigurationList section */
	};
	rootObject = D3737B19196854B6001A741F /* Project object */;
}
